
Microsoft Visual Studio Solution File, Format Version 12.00
# Visual Studio Version 16
VisualStudioVersion = 16.0.30114.105
MinimumVisualStudioVersion = 10.0.40219.1
Project("{FAE04EC0-301F-11D3-BF4B-00C04F79EFBC}") = "SDL.FluentLogScope", "SDL.FluentLogScope\SDL.FluentLogScope.csproj", "{6796275D-9754-4AE7-8343-C76240307814}"
EndProject
Project("{FAE04EC0-301F-11D3-BF4B-00C04F79EFBC}") = "SDL.FluentLogScope.Tests", "SDL.FluentLogScope.Tests\SDL.FluentLogScope.Tests.csproj", "{82C43E6C-4C2F-4363-BF8D-C3DED3531DE0}"
EndProject
Project("{2150E333-8FDC-42A3-9474-1A3956D46DE8}") = "Solution Items", "Solution Items", "{C675398A-7D9A-4754-9E64-44EB88957BF5}"
ProjectSection(SolutionItems) = preProject
	LICENSE = LICENSE
	README.md = README.md
	.gitignore = .gitignore
	Directory.Build.props = Directory.Build.props
	version.json = version.json
EndProjectSection
EndProject
Global
	GlobalSection(SolutionConfigurationPlatforms) = preSolution
		Debug|Any CPU = Debug|Any CPU
		Debug|x64 = Debug|x64
		Debug|x86 = Debug|x86
		Release|Any CPU = Release|Any CPU
		Release|x64 = Release|x64
		Release|x86 = Release|x86
	EndGlobalSection
	GlobalSection(SolutionProperties) = preSolution
		HideSolutionNode = FALSE
	EndGlobalSection
	GlobalSection(ProjectConfigurationPlatforms) = postSolution
		{6796275D-9754-4AE7-8343-C76240307814}.Debug|Any CPU.ActiveCfg = Debug|Any CPU
		{6796275D-9754-4AE7-8343-C76240307814}.Debug|Any CPU.Build.0 = Debug|Any CPU
		{6796275D-9754-4AE7-8343-C76240307814}.Debug|x64.ActiveCfg = Debug|Any CPU
		{6796275D-9754-4AE7-8343-C76240307814}.Debug|x64.Build.0 = Debug|Any CPU
		{6796275D-9754-4AE7-8343-C76240307814}.Debug|x86.ActiveCfg = Debug|Any CPU
		{6796275D-9754-4AE7-8343-C76240307814}.Debug|x86.Build.0 = Debug|Any CPU
		{6796275D-9754-4AE7-8343-C76240307814}.Release|Any CPU.ActiveCfg = Release|Any CPU
		{6796275D-9754-4AE7-8343-C76240307814}.Release|Any CPU.Build.0 = Release|Any CPU
		{6796275D-9754-4AE7-8343-C76240307814}.Release|x64.ActiveCfg = Release|Any CPU
		{6796275D-9754-4AE7-8343-C76240307814}.Release|x64.Build.0 = Release|Any CPU
		{6796275D-9754-4AE7-8343-C76240307814}.Release|x86.ActiveCfg = Release|Any CPU
		{6796275D-9754-4AE7-8343-C76240307814}.Release|x86.Build.0 = Release|Any CPU
		{82C43E6C-4C2F-4363-BF8D-C3DED3531DE0}.Debug|Any CPU.ActiveCfg = Debug|Any CPU
		{82C43E6C-4C2F-4363-BF8D-C3DED3531DE0}.Debug|Any CPU.Build.0 = Debug|Any CPU
		{82C43E6C-4C2F-4363-BF8D-C3DED3531DE0}.Debug|x64.ActiveCfg = Debug|Any CPU
		{82C43E6C-4C2F-4363-BF8D-C3DED3531DE0}.Debug|x64.Build.0 = Debug|Any CPU
		{82C43E6C-4C2F-4363-BF8D-C3DED3531DE0}.Debug|x86.ActiveCfg = Debug|Any CPU
		{82C43E6C-4C2F-4363-BF8D-C3DED3531DE0}.Debug|x86.Build.0 = Debug|Any CPU
		{82C43E6C-4C2F-4363-BF8D-C3DED3531DE0}.Release|Any CPU.ActiveCfg = Release|Any CPU
		{82C43E6C-4C2F-4363-BF8D-C3DED3531DE0}.Release|Any CPU.Build.0 = Release|Any CPU
		{82C43E6C-4C2F-4363-BF8D-C3DED3531DE0}.Release|x64.ActiveCfg = Release|Any CPU
		{82C43E6C-4C2F-4363-BF8D-C3DED3531DE0}.Release|x64.Build.0 = Release|Any CPU
		{82C43E6C-4C2F-4363-BF8D-C3DED3531DE0}.Release|x86.ActiveCfg = Release|Any CPU
		{82C43E6C-4C2F-4363-BF8D-C3DED3531DE0}.Release|x86.Build.0 = Release|Any CPU
	EndGlobalSection
EndGlobal
